[[package]]
category = "main"
description = "Abseil Python Common Libraries, see https://github.com/abseil/abseil-py."
name = "absl-py"
optional = false
python-versions = "*"
version = "0.9.0"

[package.dependencies]
six = "*"

[[package]]
category = "main"
description = "Extensible memoizing collections and decorators"
name = "cachetools"
optional = false
python-versions = "~=3.5"
version = "4.0.0"

[[package]]
category = "main"
description = "Python package for providing Mozilla's CA Bundle."
name = "certifi"
optional = false
python-versions = "*"
version = "2019.11.28"

[[package]]
category = "main"
description = "Universal encoding detector for Python 2 and 3"
name = "chardet"
optional = false
python-versions = "*"
version = "3.0.4"

[[package]]
category = "main"
description = "Google Authentication Library"
name = "google-auth"
optional = false
python-versions = ">=2.7,!=3.0.*,!=3.1.*,!=3.2.*,!=3.3.*"
version = "1.10.1"

[package.dependencies]
cachetools = ">=2.0.0,<5.0"
pyasn1-modules = ">=0.2.1"
rsa = ">=3.1.4,<4.1"
setuptools = ">=40.3.0"
six = ">=1.9.0"

[[package]]
category = "main"
description = "Google Authentication Library"
name = "google-auth-oauthlib"
optional = false
python-versions = "*"
version = "0.4.1"

[package.dependencies]
google-auth = "*"
requests-oauthlib = ">=0.7.0"

[package.extras]
tool = ["click"]

[[package]]
category = "main"
description = "HTTP/2-based RPC framework"
name = "grpcio"
optional = false
python-versions = "*"
version = "1.26.0"

[package.dependencies]
six = ">=1.5.2"

[[package]]
category = "main"
description = "Internationalized Domain Names in Applications (IDNA)"
name = "idna"
optional = false
python-versions = ">=2.7, !=3.0.*, !=3.1.*, !=3.2.*, !=3.3.*"
version = "2.8"

[[package]]
category = "main"
description = "Python implementation of Markdown."
name = "markdown"
optional = false
python-versions = ">=2.7,!=3.0.*,!=3.1.*,!=3.2.*,!=3.3.*,!=3.4.*"
version = "3.1.1"

[package.dependencies]
setuptools = ">=36"

[package.extras]
testing = ["coverage", "pyyaml"]

[[package]]
category = "main"
description = "Ninja is a small build system with a focus on speed"
name = "ninja"
optional = false
python-versions = "*"
version = "1.9.0.post1"

[[package]]
category = "main"
description = "NumPy is the fundamental package for array computing with Python."
name = "numpy"
optional = false
python-versions = ">=3.5"
version = "1.18.1"

[[package]]
category = "main"
description = "A generic, spec-compliant, thorough implementation of the OAuth request-signing logic"
name = "oauthlib"
optional = false
python-versions = ">=2.7, !=3.0.*, !=3.1.*, !=3.2.*, !=3.3.*"
version = "3.1.0"

[package.extras]
rsa = ["cryptography"]
signals = ["blinker"]
signedtoken = ["cryptography", "pyjwt (>=1.0.0)"]

[[package]]
category = "main"
description = "Python Imaging Library (Fork)"
name = "pillow"
optional = false
python-versions = ">=2.7, !=3.0.*, !=3.1.*, !=3.2.*, !=3.3.*, !=3.4.*"
version = "6.1.0"

[[package]]
category = "main"
description = "Protocol Buffers"
name = "protobuf"
optional = false
python-versions = "*"
version = "3.11.2"

[package.dependencies]
setuptools = "*"
six = ">=1.9"

[[package]]
category = "main"
description = "ASN.1 types and codecs"
name = "pyasn1"
optional = false
python-versions = "*"
version = "0.4.8"

[[package]]
category = "main"
description = "A collection of ASN.1-based protocols modules."
name = "pyasn1-modules"
optional = false
python-versions = "*"
version = "0.2.8"

[package.dependencies]
pyasn1 = ">=0.4.6,<0.5.0"

[[package]]
category = "main"
description = "Python HTTP for Humans."
name = "requests"
optional = false
python-versions = ">=2.7, !=3.0.*, !=3.1.*, !=3.2.*, !=3.3.*, !=3.4.*"
version = "2.22.0"

[package.dependencies]
certifi = ">=2017.4.17"
chardet = ">=3.0.2,<3.1.0"
idna = ">=2.5,<2.9"
urllib3 = ">=1.21.1,<1.25.0 || >1.25.0,<1.25.1 || >1.25.1,<1.26"

[package.extras]
security = ["pyOpenSSL (>=0.14)", "cryptography (>=1.3.4)", "idna (>=2.0.0)"]
socks = ["PySocks (>=1.5.6,<1.5.7 || >1.5.7)", "win-inet-pton"]

[[package]]
category = "main"
description = "OAuthlib authentication support for Requests."
name = "requests-oauthlib"
optional = false
python-versions = ">=2.7, !=3.0.*, !=3.1.*, !=3.2.*, !=3.3.*"
version = "1.3.0"

[package.dependencies]
oauthlib = ">=3.0.0"
requests = ">=2.0.0"

[package.extras]
rsa = ["oauthlib (>=3.0.0)"]

[[package]]
category = "main"
description = "Pure-Python RSA implementation"
name = "rsa"
optional = false
python-versions = "*"
version = "4.0"

[package.dependencies]
pyasn1 = ">=0.1.3"

[[package]]
category = "main"
description = "SciPy: Scientific Library for Python"
name = "scipy"
optional = false
python-versions = ">=3.5"
version = "1.4.1"

[package.dependencies]
numpy = ">=1.13.3"

[[package]]
category = "main"
description = "Python 2 and 3 compatibility utilities"
name = "six"
optional = false
python-versions = ">=2.7, !=3.0.*, !=3.1.*, !=3.2.*"
version = "1.14.0"

[[package]]
category = "main"
description = "TensorBoard lets you watch Tensors Flow"
name = "tensorboard"
optional = false
python-versions = ">= 2.7, != 3.0.*, != 3.1.*"
version = "2.1.0"

[package.dependencies]
absl-py = ">=0.4"
google-auth = ">=1.6.3,<2"
google-auth-oauthlib = ">=0.4.1,<0.5"
grpcio = ">=1.24.3"
markdown = ">=2.6.8"
numpy = ">=1.12.0"
protobuf = ">=3.6.0"
requests = ">=2.21.0,<3"
setuptools = ">=41.0.0"
six = ">=1.10.0"
werkzeug = ">=0.11.15"

[package.dependencies.wheel]
python = ">=3"
version = ">=0.26"

[[package]]
category = "main"
description = "Tensors and Dynamic neural networks in Python with strong GPU acceleration"
name = "torch"
optional = false
python-versions = ">=2.7, !=3.0.*, !=3.1.*, !=3.2.*, !=3.3.*, !=3.4.*"
version = "1.4.0"

[[package]]
category = "main"
description = "image and video datasets and models for torch deep learning"
name = "torchvision"
optional = false
python-versions = "*"
version = "0.5.0"

[package.dependencies]
numpy = "*"
pillow = ">=4.1.1"
six = "*"
torch = "1.4.0"

[package.extras]
scipy = ["scipy"]

[[package]]
category = "main"
description = "Fast, Extensible Progress Meter"
name = "tqdm"
optional = false
python-versions = ">=2.6, !=3.0.*, !=3.1.*"
version = "4.41.1"

[package.extras]
dev = ["py-make (>=0.1.0)", "twine", "argopt", "pydoc-markdown"]

[[package]]
category = "main"
description = "HTTP library with thread-safe connection pooling, file post, and more."
name = "urllib3"
optional = false
python-versions = ">=2.7, !=3.0.*, !=3.1.*, !=3.2.*, !=3.3.*, <4"
version = "1.25.7"

[package.extras]
brotli = ["brotlipy (>=0.6.0)"]
secure = ["pyOpenSSL (>=0.14)", "cryptography (>=1.3.4)", "idna (>=2.0.0)", "certifi", "ipaddress"]
socks = ["PySocks (>=1.5.6,<1.5.7 || >1.5.7,<2.0)"]

[[package]]
category = "main"
description = "The comprehensive WSGI web application library."
name = "werkzeug"
optional = false
python-versions = ">=2.7, !=3.0.*, !=3.1.*, !=3.2.*, !=3.3.*"
version = "0.16.0"

[package.extras]
dev = ["pytest", "coverage", "tox", "sphinx", "pallets-sphinx-themes", "sphinx-issues"]
termcolor = ["termcolor"]
watchdog = ["watchdog"]

[[package]]
category = "main"
description = "A built-package format for Python."
marker = "python_version >= \"3\""
name = "wheel"
optional = false
python-versions = ">=2.7, !=3.0.*, !=3.1.*, !=3.2.*, !=3.3.*"
version = "0.33.6"

[package.extras]
test = ["pytest (>=3.0.0)", "pytest-cov"]

[metadata]
content-hash = "6f570d1e7179d1c95ebb110b4c2cf1a955ec203240f87f8479570f97fbc03321"
python-versions = "^3.7"

[metadata.files]
absl-py = [
    {file = "absl-py-0.9.0.tar.gz", hash = "sha256:75e737d6ce7723d9ff9b7aa1ba3233c34be62ef18d5859e706b8fdc828989830"},
]
cachetools = [
    {file = "cachetools-4.0.0-py3-none-any.whl", hash = "sha256:b304586d357c43221856be51d73387f93e2a961598a9b6b6670664746f3b6c6c"},
    {file = "cachetools-4.0.0.tar.gz", hash = "sha256:9a52dd97a85f257f4e4127f15818e71a0c7899f121b34591fcc1173ea79a0198"},
]
certifi = [
    {file = "certifi-2019.11.28-py2.py3-none-any.whl", hash = "sha256:017c25db2a153ce562900032d5bc68e9f191e44e9a0f762f373977de9df1fbb3"},
    {file = "certifi-2019.11.28.tar.gz", hash = "sha256:25b64c7da4cd7479594d035c08c2d809eb4aab3a26e5a990ea98cc450c320f1f"},
]
chardet = [
    {file = "chardet-3.0.4-py2.py3-none-any.whl", hash = "sha256:fc323ffcaeaed0e0a02bf4d117757b98aed530d9ed4531e3e15460124c106691"},
    {file = "chardet-3.0.4.tar.gz", hash = "sha256:84ab92ed1c4d4f16916e05906b6b75a6c0fb5db821cc65e70cbd64a3e2a5eaae"},
]
google-auth = [
    {file = "google-auth-1.10.1.tar.gz", hash = "sha256:abc459495de01c46bbf37ee8d22e6ae9232b3c2e09cfa5f1122b1645603b5def"},
    {file = "google_auth-1.10.1-py2.py3-none-any.whl", hash = "sha256:053bd396de4a8e83bfd27d0606645735cf68cfe88ec166655efd823f2969a9ee"},
]
google-auth-oauthlib = [
    {file = "google-auth-oauthlib-0.4.1.tar.gz", hash = "sha256:88d2cd115e3391eb85e1243ac6902e76e77c5fe438b7276b297fbe68015458dd"},
    {file = "google_auth_oauthlib-0.4.1-py2.py3-none-any.whl", hash = "sha256:a92a0f6f41a0fb6138454fbc02674e64f89d82a244ea32f98471733c8ef0e0e1"},
]
grpcio = [
    {file = "grpcio-1.26.0-cp27-cp27m-macosx_10_9_x86_64.whl", hash = "sha256:f6580a8a4f5e701289b45fd62a8f6cb5ec41e4d77082424f8b676806dcd22564"},
    {file = "grpcio-1.26.0-cp27-cp27m-manylinux1_i686.whl", hash = "sha256:cd3d3e328f20f7c807a862620c6ee748e8d57ba2a8fc960d48337ed71c6d9d32"},
    {file = "grpcio-1.26.0-cp27-cp27m-manylinux1_x86_64.whl", hash = "sha256:bfd7d3130683a1a0a50c456273c21ec8a604f2d043b241a55235a78a0090ee06"},
    {file = "grpcio-1.26.0-cp27-cp27m-manylinux2010_i686.whl", hash = "sha256:99fd873699df17cb11c542553270ae2b32c169986e475df0d68a8629b8ef4df7"},
    {file = "grpcio-1.26.0-cp27-cp27m-manylinux2010_x86_64.whl", hash = "sha256:6edda1b96541187f73aab11800d25f18ee87e53d5f96bb74473873072bf28a0e"},
    {file = "grpcio-1.26.0-cp27-cp27m-win32.whl", hash = "sha256:ffec45b0db18a555fdfe0c6fa2d0a3fceb751b22b31e8fcd14ceed7bde05481e"},
    {file = "grpcio-1.26.0-cp27-cp27m-win_amd64.whl", hash = "sha256:066630f6b62bffa291dacbee56994279a6a3682b8a11967e9ccaf3cc770fc11e"},
    {file = "grpcio-1.26.0-cp27-cp27mu-linux_armv7l.whl", hash = "sha256:5b0fa09efb33e2af4e8822b4eb8b2cbc201d562e3e185c439be7eaeee2e8b8aa"},
    {file = "grpcio-1.26.0-cp27-cp27mu-manylinux1_i686.whl", hash = "sha256:c6c2db348ac73d73afe14e0833b18abbbe920969bf2c5c03c0922719f8020d06"},
    {file = "grpcio-1.26.0-cp27-cp27mu-manylinux1_x86_64.whl", hash = "sha256:bdb2f3dcb664f0c39ef1312cd6acf6bc6375252e4420cf8f36fff4cb4fa55c71"},
    {file = "grpcio-1.26.0-cp27-cp27mu-manylinux2010_i686.whl", hash = "sha256:d9542366a0917b9b48bab1fee481ac01f56bdffc52437b598c09e7840148a6a9"},
    {file = "grpcio-1.26.0-cp27-cp27mu-manylinux2010_x86_64.whl", hash = "sha256:d1a481777952e4f99b8a6956581f3ee866d7614100d70ae6d7e07327570b85ce"},
    {file = "grpcio-1.26.0-cp35-cp35m-linux_armv7l.whl", hash = "sha256:57be5a6c509a406fe0ffa6f8b86904314c77b5e2791be8123368ad2ebccec874"},
    {file = "grpcio-1.26.0-cp35-cp35m-macosx_10_7_intel.whl", hash = "sha256:6d8ab28559be98b02f8b3a154b53239df1aa5b0d28ff865ae5be4f30e7ed4d3f"},
    {file = "grpcio-1.26.0-cp35-cp35m-manylinux1_i686.whl", hash = "sha256:cb7a4b41b5e2611f85c3402ac364f1d689f5d7ecbc24a55ef010eedcd6cf460f"},
    {file = "grpcio-1.26.0-cp35-cp35m-manylinux1_x86_64.whl", hash = "sha256:2f78ebf340eaf28fa09aba0f836a8b869af1716078dfe8f3b3f6ff785d8f2b0f"},
    {file = "grpcio-1.26.0-cp35-cp35m-manylinux2010_i686.whl", hash = "sha256:d1d49720ed636920bb3d74cedf549382caa9ad55aea89d1de99d817068d896b2"},
    {file = "grpcio-1.26.0-cp35-cp35m-manylinux2010_x86_64.whl", hash = "sha256:33a07a1a8e817d733588dbd18e567caad1a6fe0d440c165619866cd490c7911a"},
    {file = "grpcio-1.26.0-cp35-cp35m-win32.whl", hash = "sha256:d44c34463a7c481e076f691d8fa25d080c3486978c2c41dca09a8dd75296c2d7"},
    {file = "grpcio-1.26.0-cp35-cp35m-win_amd64.whl", hash = "sha256:b6fda5674f990e15e1bcaacf026428cf50bce36e708ddcbd1de9673b14aab760"},
    {file = "grpcio-1.26.0-cp36-cp36m-linux_armv7l.whl", hash = "sha256:d7e5b7af1350e9c8c17a7baf99d575fbd2de69f7f0b0e6ebd47b57506de6493a"},
    {file = "grpcio-1.26.0-cp36-cp36m-macosx_10_9_x86_64.whl", hash = "sha256:0a0fb2f8e3a13537106bc77e4c63005bc60124a6203034304d9101921afa4e90"},
    {file = "grpcio-1.26.0-cp36-cp36m-manylinux1_i686.whl", hash = "sha256:9939727d9ae01690b24a2b159ac9dbca7b7e8e6edd5af6a6eb709243cae7b52b"},
    {file = "grpcio-1.26.0-cp36-cp36m-manylinux1_x86_64.whl", hash = "sha256:ed10e5fad105ecb0b12822f924e62d0deb07f46683a0b64416b17fd143daba1d"},
    {file = "grpcio-1.26.0-cp36-cp36m-manylinux2010_i686.whl", hash = "sha256:1c6e0f6b9d091e3717e9a58d631c8bb4898be3b261c2a01fe46371fdc271052f"},
    {file = "grpcio-1.26.0-cp36-cp36m-manylinux2010_x86_64.whl", hash = "sha256:d42433f0086cccd192114343473d7dbd4aae9141794f939e2b7b83efc57543db"},
    {file = "grpcio-1.26.0-cp36-cp36m-win32.whl", hash = "sha256:df7cdfb40179acc9790a462c049e0b8e109481164dd7ad1a388dd67ff1528759"},
    {file = "grpcio-1.26.0-cp36-cp36m-win_amd64.whl", hash = "sha256:6a43d2f2ff8250f200fdf7aa31fa191a997922aa9ea1182453acd705ad83ab72"},
    {file = "grpcio-1.26.0-cp37-cp37m-macosx_10_9_x86_64.whl", hash = "sha256:f7b83e4b2842d44fce3cdc0d54db7a7e0d169a598751bf393601efaa401c83e0"},
    {file = "grpcio-1.26.0-cp37-cp37m-manylinux1_i686.whl", hash = "sha256:f0ec5371ce2363b03531ed522bfbe691ec940f51f0e111f0500fc0f44518c69d"},
    {file = "grpcio-1.26.0-cp37-cp37m-manylinux1_x86_64.whl", hash = "sha256:42b903a3596a10e2a3727bae2a76f8aefd324d498424b843cfa9606847faea7b"},
    {file = "grpcio-1.26.0-cp37-cp37m-manylinux2010_i686.whl", hash = "sha256:0c61b74dcfb302613926e785cb3542a0905b9a3a86e9410d8cf5d25e25e10104"},
    {file = "grpcio-1.26.0-cp37-cp37m-manylinux2010_x86_64.whl", hash = "sha256:8d866aafb08657c456a18c4a31c8526ea62de42427c242b58210b9eae6c64559"},
    {file = "grpcio-1.26.0-cp37-cp37m-win32.whl", hash = "sha256:13383bd70618da03684a8aafbdd9e3d9a6720bf8c07b85d0bc697afed599d8f0"},
    {file = "grpcio-1.26.0-cp37-cp37m-win_amd64.whl", hash = "sha256:4fffbb58134c4f23e5a8312ac3412db6f5e39e961dc0eb5e3115ce5aa16bf927"},
    {file = "grpcio-1.26.0-cp38-cp38-macosx_10_9_x86_64.whl", hash = "sha256:7109c8738a8a3c98cfb5dda1c45642a8d6d35dc00d257ab7a175099b2b4daecd"},
    {file = "grpcio-1.26.0-cp38-cp38-manylinux1_i686.whl", hash = "sha256:e1a9d9d2e7224d981aea8da79260c7f6932bf31ce1f99b7ccfa5eceeb30dc5d0"},
    {file = "grpcio-1.26.0-cp38-cp38-manylinux1_x86_64.whl", hash = "sha256:6e47866b7dc14ca3a12d40c1d6082e7bea964670f1c5315ea0fb8b0550244d64"},
    {file = "grpcio-1.26.0-cp38-cp38-manylinux2010_i686.whl", hash = "sha256:07e95762ca6b18afbeb3aa2793e827c841152d5e507089b1db0b18304edda105"},
    {file = "grpcio-1.26.0-cp38-cp38-manylinux2010_x86_64.whl", hash = "sha256:2da5cee9faf17bb8daf500cd0d28a17ae881ab5500f070a6aace457f4c08cac4"},
    {file = "grpcio-1.26.0-cp38-cp38-win32.whl", hash = "sha256:3d090c66af9c065b7228b07c3416f93173e9839b1d40bb0ce3dd2aa783645026"},
    {file = "grpcio-1.26.0-cp38-cp38-win_amd64.whl", hash = "sha256:1cf710c04689daa5cc1e598efba00b028215700dcc1bf66fcb7b4f64f2ea5d5f"},
    {file = "grpcio-1.26.0.tar.gz", hash = "sha256:5ef42dfc18f9a63a06aca938770b69470bb322e4c137cf08cf21703d1ef4ae5c"},
]
idna = [
    {file = "idna-2.8-py2.py3-none-any.whl", hash = "sha256:ea8b7f6188e6fa117537c3df7da9fc686d485087abf6ac197f9c46432f7e4a3c"},
    {file = "idna-2.8.tar.gz", hash = "sha256:c357b3f628cf53ae2c4c05627ecc484553142ca23264e593d327bcde5e9c3407"},
]
markdown = [
    {file = "Markdown-3.1.1-py2.py3-none-any.whl", hash = "sha256:56a46ac655704b91e5b7e6326ce43d5ef72411376588afa1dd90e881b83c7e8c"},
    {file = "Markdown-3.1.1.tar.gz", hash = "sha256:2e50876bcdd74517e7b71f3e7a76102050edec255b3983403f1a63e7c8a41e7a"},
]
ninja = [
    {file = "ninja-1.9.0.post1-py2-none-macosx_10_6_x86_64.whl", hash = "sha256:0184e69a70bb055621935b935f967b3dc4e189c8f1494d9ea0b90ed15d0308c4"},
    {file = "ninja-1.9.0.post1-py2-none-manylinux1_i686.whl", hash = "sha256:35d3c2fd77e9271bbfb01beb2c8b733ca647356369da41bb095e14b0369ea3cf"},
    {file = "ninja-1.9.0.post1-py2-none-manylinux1_x86_64.whl", hash = "sha256:a998d98ffd7262e03be4655e742fa918af93fb19ac36e9140afc0fe8190920a6"},
    {file = "ninja-1.9.0.post1-py2-none-win32.whl", hash = "sha256:0d700c1471f9771978415cab503dc6b55e6267dc21428865c9a8f1a906f3a06d"},
    {file = "ninja-1.9.0.post1-py2-none-win_amd64.whl", hash = "sha256:fd72664f0e2506f2c8002f2ee67ddd50b87604fe8c1bd04d2108dfeacc82420d"},
    {file = "ninja-1.9.0.post1-py3-none-macosx_10_6_x86_64.whl", hash = "sha256:9090b6695d86643354cbd394ef835f40c0179cc24969d09446eae7931b702f12"},
    {file = "ninja-1.9.0.post1-py3-none-manylinux1_i686.whl", hash = "sha256:965bf62d59f3794306b40dc08e31a9286650cff0b11b44acd0a61e61f6030553"},
    {file = "ninja-1.9.0.post1-py3-none-manylinux1_x86_64.whl", hash = "sha256:75ebbbaeb1b3298bf001cc7866555d88ba33bbdab4cb99eae1e2a59efe23f47b"},
    {file = "ninja-1.9.0.post1-py3-none-win32.whl", hash = "sha256:a8503e5fc4f742520e5b3389324e9710eecbc9fa60956b7034adaf1f0650ba3f"},
    {file = "ninja-1.9.0.post1-py3-none-win_amd64.whl", hash = "sha256:db31cef1eb979e4fe4539046cf04311e00f271f8687bde7dfb64d85f4e4d2b1e"},
    {file = "ninja-1.9.0.post1.tar.gz", hash = "sha256:6ef795816ef3cd3a2def4c4b8e5f1fb7e470bb913c0bae7bb38afe498d0075aa"},
]
numpy = [
    {file = "numpy-1.18.1-cp35-cp35m-macosx_10_6_intel.whl", hash = "sha256:20b26aaa5b3da029942cdcce719b363dbe58696ad182aff0e5dcb1687ec946dc"},
    {file = "numpy-1.18.1-cp35-cp35m-manylinux1_i686.whl", hash = "sha256:70a840a26f4e61defa7bdf811d7498a284ced303dfbc35acb7be12a39b2aa121"},
    {file = "numpy-1.18.1-cp35-cp35m-manylinux1_x86_64.whl", hash = "sha256:17aa7a81fe7599a10f2b7d95856dc5cf84a4eefa45bc96123cbbc3ebc568994e"},
    {file = "numpy-1.18.1-cp35-cp35m-win32.whl", hash = "sha256:f3d0a94ad151870978fb93538e95411c83899c9dc63e6fb65542f769568ecfa5"},
    {file = "numpy-1.18.1-cp35-cp35m-win_amd64.whl", hash = "sha256:1786a08236f2c92ae0e70423c45e1e62788ed33028f94ca99c4df03f5be6b3c6"},
    {file = "numpy-1.18.1-cp36-cp36m-macosx_10_9_x86_64.whl", hash = "sha256:ae0975f42ab1f28364dcda3dde3cf6c1ddab3e1d4b2909da0cb0191fa9ca0480"},
    {file = "numpy-1.18.1-cp36-cp36m-manylinux1_i686.whl", hash = "sha256:cf7eb6b1025d3e169989416b1adcd676624c2dbed9e3bcb7137f51bfc8cc2572"},
    {file = "numpy-1.18.1-cp36-cp36m-manylinux1_x86_64.whl", hash = "sha256:b765ed3930b92812aa698a455847141869ef755a87e099fddd4ccf9d81fffb57"},
    {file = "numpy-1.18.1-cp36-cp36m-win32.whl", hash = "sha256:2d75908ab3ced4223ccba595b48e538afa5ecc37405923d1fea6906d7c3a50bc"},
    {file = "numpy-1.18.1-cp36-cp36m-win_amd64.whl", hash = "sha256:9acdf933c1fd263c513a2df3dceecea6f3ff4419d80bf238510976bf9bcb26cd"},
    {file = "numpy-1.18.1-cp37-cp37m-macosx_10_9_x86_64.whl", hash = "sha256:56bc8ded6fcd9adea90f65377438f9fea8c05fcf7c5ba766bef258d0da1554aa"},
    {file = "numpy-1.18.1-cp37-cp37m-manylinux1_i686.whl", hash = "sha256:e422c3152921cece8b6a2fb6b0b4d73b6579bd20ae075e7d15143e711f3ca2ca"},
    {file = "numpy-1.18.1-cp37-cp37m-manylinux1_x86_64.whl", hash = "sha256:b3af02ecc999c8003e538e60c89a2b37646b39b688d4e44d7373e11c2debabec"},
    {file = "numpy-1.18.1-cp37-cp37m-win32.whl", hash = "sha256:d92350c22b150c1cae7ebb0ee8b5670cc84848f6359cf6b5d8f86617098a9b73"},
    {file = "numpy-1.18.1-cp37-cp37m-win_amd64.whl", hash = "sha256:77c3bfe65d8560487052ad55c6998a04b654c2fbc36d546aef2b2e511e760971"},
    {file = "numpy-1.18.1-cp38-cp38-macosx_10_9_x86_64.whl", hash = "sha256:c98c5ffd7d41611407a1103ae11c8b634ad6a43606eca3e2a5a269e5d6e8eb07"},
    {file = "numpy-1.18.1-cp38-cp38-manylinux1_i686.whl", hash = "sha256:9537eecf179f566fd1c160a2e912ca0b8e02d773af0a7a1120ad4f7507cd0d26"},
    {file = "numpy-1.18.1-cp38-cp38-manylinux1_x86_64.whl", hash = "sha256:e840f552a509e3380b0f0ec977e8124d0dc34dc0e68289ca28f4d7c1d0d79474"},
    {file = "numpy-1.18.1-cp38-cp38-win32.whl", hash = "sha256:590355aeade1a2eaba17617c19edccb7db8d78760175256e3cf94590a1a964f3"},
    {file = "numpy-1.18.1-cp38-cp38-win_amd64.whl", hash = "sha256:39d2c685af15d3ce682c99ce5925cc66efc824652e10990d2462dfe9b8918c6a"},
    {file = "numpy-1.18.1.zip", hash = "sha256:b6ff59cee96b454516e47e7721098e6ceebef435e3e21ac2d6c3b8b02628eb77"},
]
oauthlib = [
    {file = "oauthlib-3.1.0-py2.py3-none-any.whl", hash = "sha256:df884cd6cbe20e32633f1db1072e9356f53638e4361bef4e8b03c9127c9328ea"},
    {file = "oauthlib-3.1.0.tar.gz", hash = "sha256:bee41cc35fcca6e988463cacc3bcb8a96224f470ca547e697b604cc697b2f889"},
]
pillow = [
    {file = "Pillow-6.1.0-cp27-cp27m-macosx_10_6_intel.macosx_10_9_intel.macosx_10_9_x86_64.macosx_10_10_intel.macosx_10_10_x86_64.whl", hash = "sha256:76638865c83b1bb33bcac2a61ce4d13c17dba2204969dedb9ab60ef62bede686"},
    {file = "Pillow-6.1.0-cp27-cp27m-manylinux1_i686.whl", hash = "sha256:7cee2cef07c8d76894ebefc54e4bb707dfc7f258ad155bd61d87f6cd487a70ff"},
    {file = "Pillow-6.1.0-cp27-cp27m-manylinux1_x86_64.whl", hash = "sha256:ef6be704ae2bc8ad0ebc5cb850ee9139493b0fc4e81abcc240fb392a63ebc808"},
    {file = "Pillow-6.1.0-cp27-cp27m-win32.whl", hash = "sha256:6fd63afd14a16f5d6b408f623cc2142917a1f92855f0df997e09a49f0341be8a"},
    {file = "Pillow-6.1.0-cp27-cp27m-win_amd64.whl", hash = "sha256:571b5a758baf1cb6a04233fb23d6cf1ca60b31f9f641b1700bfaab1194020555"},
    {file = "Pillow-6.1.0-cp27-cp27mu-manylinux1_i686.whl", hash = "sha256:e3ae410089de680e8f84c68b755b42bc42c0ceb8c03dbea88a5099747091d38e"},
    {file = "Pillow-6.1.0-cp27-cp27mu-manylinux1_x86_64.whl", hash = "sha256:6153db744a743c0c8c91b8e3b9d40e0b13a5d31dbf8a12748c6d9bfd3ddc01ad"},
    {file = "Pillow-6.1.0-cp35-cp35m-macosx_10_6_intel.macosx_10_9_intel.macosx_10_9_x86_64.macosx_10_10_intel.macosx_10_10_x86_64.whl", hash = "sha256:0b3e6cf3ea1f8cecd625f1420b931c83ce74f00c29a0ff1ce4385f99900ac7c4"},
    {file = "Pillow-6.1.0-cp35-cp35m-manylinux1_i686.whl", hash = "sha256:38301fbc0af865baa4752ddae1bb3cbb24b3d8f221bf2850aad96b243306fa03"},
    {file = "Pillow-6.1.0-cp35-cp35m-manylinux1_x86_64.whl", hash = "sha256:70b1594d56ed32d56ed21a7fbb2a5c6fd7446cdb7b21e749c9791eac3a64d9e4"},
    {file = "Pillow-6.1.0-cp35-cp35m-win32.whl", hash = "sha256:70acbcaba2a638923c2d337e0edea210505708d7859b87c2bd81e8f9902ae826"},
    {file = "Pillow-6.1.0-cp35-cp35m-win_amd64.whl", hash = "sha256:f8dc19d92896558f9c4317ee365729ead9d7bbcf2052a9a19a3ef17abbb8ac5b"},
    {file = "Pillow-6.1.0-cp36-cp36m-macosx_10_6_intel.macosx_10_9_intel.macosx_10_9_x86_64.macosx_10_10_intel.macosx_10_10_x86_64.whl", hash = "sha256:3aef1af1a91798536bbab35d70d35750bd2884f0832c88aeb2499aa2d1ed4992"},
    {file = "Pillow-6.1.0-cp36-cp36m-manylinux1_i686.whl", hash = "sha256:cfd40d8a4b59f7567620410f966bb1f32dc555b2b19f82a91b147fac296f645c"},
    {file = "Pillow-6.1.0-cp36-cp36m-manylinux1_x86_64.whl", hash = "sha256:3fe0ab49537d9330c9bba7f16a5f8b02da615b5c809cdf7124f356a0f182eccd"},
    {file = "Pillow-6.1.0-cp36-cp36m-win32.whl", hash = "sha256:49f90f147883a0c3778fd29d3eb169d56416f25758d0f66775db9184debc8010"},
    {file = "Pillow-6.1.0-cp36-cp36m-win_amd64.whl", hash = "sha256:bd0582f831ad5bcad6ca001deba4568573a4675437db17c4031939156ff339fa"},
    {file = "Pillow-6.1.0-cp37-cp37m-macosx_10_6_intel.macosx_10_9_intel.macosx_10_9_x86_64.macosx_10_10_intel.macosx_10_10_x86_64.whl", hash = "sha256:365c06a45712cd723ec16fa4ceb32ce46ad201eb7bbf6d3c16b063c72b61a3ed"},
    {file = "Pillow-6.1.0-cp37-cp37m-manylinux1_i686.whl", hash = "sha256:7b2ec162c87fc496aa568258ac88631a2ce0acfe681a9af40842fc55deaedc99"},
    {file = "Pillow-6.1.0-cp37-cp37m-manylinux1_x86_64.whl", hash = "sha256:b50bc1780681b127e28f0075dfb81d6135c3a293e0c1d0211133c75e2179b6c0"},
    {file = "Pillow-6.1.0-cp37-cp37m-win32.whl", hash = "sha256:0ab7c5b5d04691bcbd570658667dd1e21ca311c62dcfd315ad2255b1cd37f64f"},
    {file = "Pillow-6.1.0-cp37-cp37m-win_amd64.whl", hash = "sha256:7d16d4498f8b374fc625c4037742fbdd7f9ac383fd50b06f4df00c81ef60e829"},
    {file = "Pillow-6.1.0-pp271-pypy_41-win32.whl", hash = "sha256:e9046e559c299b395b39ac7dbf16005308821c2f24a63cae2ab173bd6aa11616"},
    {file = "Pillow-6.1.0-pp370-pp370-win32.whl", hash = "sha256:5ac381e8b1259925287ccc5a87d9cf6322a2dc88ae28a97fe3e196385288413f"},
    {file = "Pillow-6.1.0-pp371-pp371-win32.whl", hash = "sha256:45a619d5c1915957449264c81c008934452e3fd3604e36809212300b2a4dab68"},
    {file = "Pillow-6.1.0-py2.7-win-amd64.egg", hash = "sha256:0c6ce6ae03a50b0306a683696234b8bc88c5b292d4181ae365b89bd90250ab08"},
    {file = "Pillow-6.1.0-py2.7-win32.egg", hash = "sha256:504f5334bfd974490a86fef3e3b494cd3c332a8a680d2f258ca03388b40ae230"},
    {file = "Pillow-6.1.0-py3.5-win-amd64.egg", hash = "sha256:23efd7f83f2ad6036e2b9ef27a46df7e333de1ad9087d341d87e12225d0142b2"},
    {file = "Pillow-6.1.0-py3.5-win32.egg", hash = "sha256:8755e600b33f4e8c76a590b42acc35d24f4dc801a5868519ce569b9462d77598"},
    {file = "Pillow-6.1.0-py3.6-win-amd64.egg", hash = "sha256:7be698a28175eae5354da94f5f3dc787d5efae6aca7ad1f286a781afde6a27dd"},
    {file = "Pillow-6.1.0-py3.6-win32.egg", hash = "sha256:51fe9cfcd32c849c6f36ca293648f279fc5097ca8dd6e518b10df3a6a9a13431"},
    {file = "Pillow-6.1.0-py3.7-macosx-10.14-x86_64.egg", hash = "sha256:3c86051d41d1c8b28b9dde08ac93e73aa842991995b12771b0af28da49086bbf"},
    {file = "Pillow-6.1.0-py3.7-win-amd64.egg", hash = "sha256:6052a9e9af4a9a2cc01da4bbee81d42d33feca2bde247c4916d8274b12bb31a4"},
    {file = "Pillow-6.1.0-py3.7-win32.egg", hash = "sha256:1454ee7297a81c8308ad61d74c849486efa1badc543453c4b90db0bf99decc1c"},
    {file = "Pillow-6.1.0.tar.gz", hash = "sha256:0804f77cb1e9b6dbd37601cee11283bba39a8d44b9ddb053400c58e0c0d7d9de"},
    {file = "Pillow-6.1.0.win-amd64-py2.7.exe", hash = "sha256:e150c5aed6e67321edc6893faa6701581ca2d393472f39142a00e551bcd249a5"},
    {file = "Pillow-6.1.0.win-amd64-py3.5.exe", hash = "sha256:b5aa19f1da16b4f5e47b6930053f08cba77ceccaed68748061b0ec24860e510c"},
    {file = "Pillow-6.1.0.win-amd64-py3.6.exe", hash = "sha256:7b403ea842b70c4fa0a4969a5d8d86e932c941095b7cda077ea68f7b98ead30b"},
    {file = "Pillow-6.1.0.win-amd64-py3.7.exe", hash = "sha256:cdd53acd3afb9878a2289a1b55807871f9877c81174ae0d3763e52f907131d25"},
    {file = "Pillow-6.1.0.win32-py2.7.exe", hash = "sha256:406c856e0f6fc330322a319457d9ff6162834050cda2cf1eaaaea4b771d01914"},
    {file = "Pillow-6.1.0.win32-py3.5.exe", hash = "sha256:82840783842b27933cc6388800cb547f31caf436f7e23384d456bdf5fc8dfe49"},
    {file = "Pillow-6.1.0.win32-py3.6.exe", hash = "sha256:9159285ab4030c6f85e001468cb5886de05e6bd9304e9e7d46b983f7d2fad0cc"},
    {file = "Pillow-6.1.0.win32-py3.7.exe", hash = "sha256:e403b37c6a253ebca5d0f2e5624643997aaae529dc96299162418ef54e29eb70"},
]
protobuf = [
    {file = "protobuf-3.11.2-cp27-cp27m-macosx_10_9_x86_64.whl", hash = "sha256:3f509f7e50d806a434fe4a5fbf602516002a0f092889209fff7db82060efffc0"},
    {file = "protobuf-3.11.2-cp27-cp27mu-manylinux1_x86_64.whl", hash = "sha256:4571da974019849201fc1ec6626b9cea54bd11b6bed140f8f737c0a33ea37de5"},
    {file = "protobuf-3.11.2-cp35-cp35m-macosx_10_9_intel.whl", hash = "sha256:0329e86a397db2a83f9dcbe21d9be55a47f963cdabc893c3a24f4d3a8f117c37"},
    {file = "protobuf-3.11.2-cp35-cp35m-manylinux1_x86_64.whl", hash = "sha256:56bd1d84fbf4505c7b73f04de987eef5682e5752c811141b0186a3809bfb396f"},
    {file = "protobuf-3.11.2-cp35-cp35m-win32.whl", hash = "sha256:919f0d6f6addc836d08658eba3b52be2e92fd3e76da3ce00c325d8e9826d17c7"},
    {file = "protobuf-3.11.2-cp35-cp35m-win_amd64.whl", hash = "sha256:14d6ac53df9cb5bb87c4f91b677c1bc5cec9c0fd44327f367a3c9562de2877c4"},
    {file = "protobuf-3.11.2-cp36-cp36m-macosx_10_9_x86_64.whl", hash = "sha256:6e96dffaf4d0a9a329e528b353ba62fd9ef13599688723d96bc9c165d0b6871e"},
    {file = "protobuf-3.11.2-cp36-cp36m-manylinux1_x86_64.whl", hash = "sha256:6b5b947dc8b3f2aec0eaad65b0b5113fcd642c358c31357c647da6281ee31104"},
    {file = "protobuf-3.11.2-cp36-cp36m-win32.whl", hash = "sha256:680c668d00b5eff08b86aef9e5ba9a705e621ea05d39071cfea8e28cb2400946"},
    {file = "protobuf-3.11.2-cp36-cp36m-win_amd64.whl", hash = "sha256:9c7b19c30cf0644afd0e4218b13f637ce54382fdcb1c8f75bf3e84e49a5f6d0a"},
    {file = "protobuf-3.11.2-cp37-cp37m-macosx_10_9_x86_64.whl", hash = "sha256:d61b14a9090da77fe87e38ba4c6c43d3533dcbeb5d84f5474e7ac63c532dcc9c"},
    {file = "protobuf-3.11.2-cp37-cp37m-manylinux1_x86_64.whl", hash = "sha256:a2e6f57114933882ec701807f217df2fb4588d47f71f227c0a163446b930d507"},
    {file = "protobuf-3.11.2-cp37-cp37m-win32.whl", hash = "sha256:0a7219254afec0d488211f3d482d8ed57e80ae735394e584a98d8f30a8c88a36"},
    {file = "protobuf-3.11.2-cp37-cp37m-win_amd64.whl", hash = "sha256:a6b970a2eccfcbabe1acf230fbf112face1c4700036c95e195f3554d7bcb04c1"},
    {file = "protobuf-3.11.2-cp38-cp38-macosx_10_9_x86_64.whl", hash = "sha256:d6faf5dbefb593e127463f58076b62fcfe0784187be8fe1aa9167388f24a22a1"},
    {file = "protobuf-3.11.2-cp38-cp38-manylinux1_x86_64.whl", hash = "sha256:bc45641cbcdea068b67438244c926f9fd3e5cbdd824448a4a64370610df7c593"},
    {file = "protobuf-3.11.2-py2.7.egg", hash = "sha256:557686c43fbd04f5f7c533f00feee9a37dcca7b5896e3ae3664a33864e6dd546"},
    {file = "protobuf-3.11.2-py2.py3-none-any.whl", hash = "sha256:180fc364b42907a1d2afa183ccbeffafe659378c236b1ec3daca524950bb918d"},
    {file = "protobuf-3.11.2.tar.gz", hash = "sha256:3d7a7d8d20b4e7a8f63f62de2d192cfd8b7a53c56caba7ece95367ca2b80c574"},
]
pyasn1 = [
    {file = "pyasn1-0.4.8-py2.4.egg", hash = "sha256:fec3e9d8e36808a28efb59b489e4528c10ad0f480e57dcc32b4de5c9d8c9fdf3"},
    {file = "pyasn1-0.4.8-py2.5.egg", hash = "sha256:0458773cfe65b153891ac249bcf1b5f8f320b7c2ce462151f8fa74de8934becf"},
    {file = "pyasn1-0.4.8-py2.6.egg", hash = "sha256:5c9414dcfede6e441f7e8f81b43b34e834731003427e5b09e4e00e3172a10f00"},
    {file = "pyasn1-0.4.8-py2.7.egg", hash = "sha256:6e7545f1a61025a4e58bb336952c5061697da694db1cae97b116e9c46abcf7c8"},
    {file = "pyasn1-0.4.8-py2.py3-none-any.whl", hash = "sha256:39c7e2ec30515947ff4e87fb6f456dfc6e84857d34be479c9d4a4ba4bf46aa5d"},
    {file = "pyasn1-0.4.8-py3.1.egg", hash = "sha256:78fa6da68ed2727915c4767bb386ab32cdba863caa7dbe473eaae45f9959da86"},
    {file = "pyasn1-0.4.8-py3.2.egg", hash = "sha256:08c3c53b75eaa48d71cf8c710312316392ed40899cb34710d092e96745a358b7"},
    {file = "pyasn1-0.4.8-py3.3.egg", hash = "sha256:03840c999ba71680a131cfaee6fab142e1ed9bbd9c693e285cc6aca0d555e576"},
    {file = "pyasn1-0.4.8-py3.4.egg", hash = "sha256:7ab8a544af125fb704feadb008c99a88805126fb525280b2270bb25cc1d78a12"},
    {file = "pyasn1-0.4.8-py3.5.egg", hash = "sha256:e89bf84b5437b532b0803ba5c9a5e054d21fec423a89952a74f87fa2c9b7bce2"},
    {file = "pyasn1-0.4.8-py3.6.egg", hash = "sha256:014c0e9976956a08139dc0712ae195324a75e142284d5f87f1a87ee1b068a359"},
    {file = "pyasn1-0.4.8-py3.7.egg", hash = "sha256:99fcc3c8d804d1bc6d9a099921e39d827026409a58f2a720dcdb89374ea0c776"},
    {file = "pyasn1-0.4.8.tar.gz", hash = "sha256:aef77c9fb94a3ac588e87841208bdec464471d9871bd5050a287cc9a475cd0ba"},
]
pyasn1-modules = [
    {file = "pyasn1-modules-0.2.8.tar.gz", hash = "sha256:905f84c712230b2c592c19470d3ca8d552de726050d1d1716282a1f6146be65e"},
    {file = "pyasn1_modules-0.2.8-py2.4.egg", hash = "sha256:0fe1b68d1e486a1ed5473f1302bd991c1611d319bba158e98b106ff86e1d7199"},
    {file = "pyasn1_modules-0.2.8-py2.5.egg", hash = "sha256:fe0644d9ab041506b62782e92b06b8c68cca799e1a9636ec398675459e031405"},
    {file = "pyasn1_modules-0.2.8-py2.6.egg", hash = "sha256:a99324196732f53093a84c4369c996713eb8c89d360a496b599fb1a9c47fc3eb"},
    {file = "pyasn1_modules-0.2.8-py2.7.egg", hash = "sha256:0845a5582f6a02bb3e1bde9ecfc4bfcae6ec3210dd270522fee602365430c3f8"},
    {file = "pyasn1_modules-0.2.8-py2.py3-none-any.whl", hash = "sha256:a50b808ffeb97cb3601dd25981f6b016cbb3d31fbf57a8b8a87428e6158d0c74"},
    {file = "pyasn1_modules-0.2.8-py3.1.egg", hash = "sha256:f39edd8c4ecaa4556e989147ebf219227e2cd2e8a43c7e7fcb1f1c18c5fd6a3d"},
    {file = "pyasn1_modules-0.2.8-py3.2.egg", hash = "sha256:b80486a6c77252ea3a3e9b1e360bc9cf28eaac41263d173c032581ad2f20fe45"},
    {file = "pyasn1_modules-0.2.8-py3.3.egg", hash = "sha256:65cebbaffc913f4fe9e4808735c95ea22d7a7775646ab690518c056784bc21b4"},
    {file = "pyasn1_modules-0.2.8-py3.4.egg", hash = "sha256:15b7c67fabc7fc240d87fb9aabf999cf82311a6d6fb2c70d00d3d0604878c811"},
    {file = "pyasn1_modules-0.2.8-py3.5.egg", hash = "sha256:426edb7a5e8879f1ec54a1864f16b882c2837bfd06eee62f2c982315ee2473ed"},
    {file = "pyasn1_modules-0.2.8-py3.6.egg", hash = "sha256:cbac4bc38d117f2a49aeedec4407d23e8866ea4ac27ff2cf7fb3e5b570df19e0"},
    {file = "pyasn1_modules-0.2.8-py3.7.egg", hash = "sha256:c29a5e5cc7a3f05926aff34e097e84f8589cd790ce0ed41b67aed6857b26aafd"},
]
requests = [
    {file = "requests-2.22.0-py2.py3-none-any.whl", hash = "sha256:9cf5292fcd0f598c671cfc1e0d7d1a7f13bb8085e9a590f48c010551dc6c4b31"},
    {file = "requests-2.22.0.tar.gz", hash = "sha256:11e007a8a2aa0323f5a921e9e6a2d7e4e67d9877e85773fba9ba6419025cbeb4"},
]
requests-oauthlib = [
    {file = "requests-oauthlib-1.3.0.tar.gz", hash = "sha256:b4261601a71fd721a8bd6d7aa1cc1d6a8a93b4a9f5e96626f8e4d91e8beeaa6a"},
    {file = "requests_oauthlib-1.3.0-py2.py3-none-any.whl", hash = "sha256:7f71572defaecd16372f9006f33c2ec8c077c3cfa6f5911a9a90202beb513f3d"},
    {file = "requests_oauthlib-1.3.0-py3.7.egg", hash = "sha256:fa6c47b933f01060936d87ae9327fead68768b69c6c9ea2109c48be30f2d4dbc"},
]
rsa = [
    {file = "rsa-4.0-py2.py3-none-any.whl", hash = "sha256:14ba45700ff1ec9eeb206a2ce76b32814958a98e372006c8fb76ba820211be66"},
    {file = "rsa-4.0.tar.gz", hash = "sha256:1a836406405730121ae9823e19c6e806c62bbad73f890574fff50efa4122c487"},
]
scipy = [
    {file = "scipy-1.4.1-cp35-cp35m-macosx_10_6_intel.whl", hash = "sha256:c5cac0c0387272ee0e789e94a570ac51deb01c796b37fb2aad1fb13f85e2f97d"},
    {file = "scipy-1.4.1-cp35-cp35m-manylinux1_i686.whl", hash = "sha256:a144811318853a23d32a07bc7fd5561ff0cac5da643d96ed94a4ffe967d89672"},
    {file = "scipy-1.4.1-cp35-cp35m-manylinux1_x86_64.whl", hash = "sha256:71eb180f22c49066f25d6df16f8709f215723317cc951d99e54dc88020ea57be"},
    {file = "scipy-1.4.1-cp35-cp35m-win32.whl", hash = "sha256:770254a280d741dd3436919d47e35712fb081a6ff8bafc0f319382b954b77802"},
    {file = "scipy-1.4.1-cp35-cp35m-win_amd64.whl", hash = "sha256:a1aae70d52d0b074d8121333bc807a485f9f1e6a69742010b33780df2e60cfe0"},
    {file = "scipy-1.4.1-cp36-cp36m-macosx_10_6_intel.whl", hash = "sha256:bb517872058a1f087c4528e7429b4a44533a902644987e7b2fe35ecc223bc408"},
    {file = "scipy-1.4.1-cp36-cp36m-manylinux1_i686.whl", hash = "sha256:dba8306f6da99e37ea08c08fef6e274b5bf8567bb094d1dbe86a20e532aca088"},
    {file = "scipy-1.4.1-cp36-cp36m-manylinux1_x86_64.whl", hash = "sha256:386086e2972ed2db17cebf88610aab7d7f6e2c0ca30042dc9a89cf18dcc363fa"},
    {file = "scipy-1.4.1-cp36-cp36m-win32.whl", hash = "sha256:8d3bc3993b8e4be7eade6dcc6fd59a412d96d3a33fa42b0fa45dc9e24495ede9"},
    {file = "scipy-1.4.1-cp36-cp36m-win_amd64.whl", hash = "sha256:dc60bb302f48acf6da8ca4444cfa17d52c63c5415302a9ee77b3b21618090521"},
    {file = "scipy-1.4.1-cp37-cp37m-macosx_10_6_intel.whl", hash = "sha256:787cc50cab3020a865640aba3485e9fbd161d4d3b0d03a967df1a2881320512d"},
    {file = "scipy-1.4.1-cp37-cp37m-manylinux1_i686.whl", hash = "sha256:0902a620a381f101e184a958459b36d3ee50f5effd186db76e131cbefcbb96f7"},
    {file = "scipy-1.4.1-cp37-cp37m-manylinux1_x86_64.whl", hash = "sha256:00af72998a46c25bdb5824d2b729e7dabec0c765f9deb0b504f928591f5ff9d4"},
    {file = "scipy-1.4.1-cp37-cp37m-win32.whl", hash = "sha256:9508a7c628a165c2c835f2497837bf6ac80eb25291055f56c129df3c943cbaf8"},
    {file = "scipy-1.4.1-cp37-cp37m-win_amd64.whl", hash = "sha256:a2d6df9eb074af7f08866598e4ef068a2b310d98f87dc23bd1b90ec7bdcec802"},
    {file = "scipy-1.4.1-cp38-cp38-macosx_10_9_x86_64.whl", hash = "sha256:3092857f36b690a321a662fe5496cb816a7f4eecd875e1d36793d92d3f884073"},
    {file = "scipy-1.4.1-cp38-cp38-manylinux1_i686.whl", hash = "sha256:8a07760d5c7f3a92e440ad3aedcc98891e915ce857664282ae3c0220f3301eb6"},
    {file = "scipy-1.4.1-cp38-cp38-manylinux1_x86_64.whl", hash = "sha256:1e3190466d669d658233e8a583b854f6386dd62d655539b77b3fa25bfb2abb70"},
    {file = "scipy-1.4.1-cp38-cp38-win32.whl", hash = "sha256:cc971a82ea1170e677443108703a2ec9ff0f70752258d0e9f5433d00dda01f59"},
    {file = "scipy-1.4.1-cp38-cp38-win_amd64.whl", hash = "sha256:2cce3f9847a1a51019e8c5b47620da93950e58ebc611f13e0d11f4980ca5fecb"},
    {file = "scipy-1.4.1.tar.gz", hash = "sha256:dee1bbf3a6c8f73b6b218cb28eed8dd13347ea2f87d572ce19b289d6fd3fbc59"},
]
six = [
    {file = "six-1.14.0-py2.py3-none-any.whl", hash = "sha256:8f3cd2e254d8f793e7f3d6d9df77b92252b52637291d0f0da013c76ea2724b6c"},
    {file = "six-1.14.0.tar.gz", hash = "sha256:236bdbdce46e6e6a3d61a337c0f8b763ca1e8717c03b369e87a7ec7ce1319c0a"},
]
tensorboard = [
    {file = "tensorboard-2.1.0-py2-none-any.whl", hash = "sha256:1c80eb17c9d4f2609ed11b9446f8168973f5bb7789a97e56e766a89e062a00b9"},
    {file = "tensorboard-2.1.0-py3-none-any.whl", hash = "sha256:e6e64ec1e1500cc963b300895258f9605032c3a18bb40f95f2b3b12be16ff2f2"},
]
torch = [
    {file = "torch-1.4.0-cp27-cp27m-manylinux1_x86_64.whl", hash = "sha256:271d4d1e44df6ed57c530f8849b028447c62b8a19b8e8740dd9baa56e7f682c1"},
    {file = "torch-1.4.0-cp27-cp27mu-manylinux1_x86_64.whl", hash = "sha256:6f2fd9eb8c7eaf38a982ab266dbbfba0f29fb643bc74e677d045d6f2595e4692"},
    {file = "torch-1.4.0-cp27-none-macosx_10_7_x86_64.whl", hash = "sha256:30ce089475b287a37d6fbb8d71853e672edaf66699e3dd2eb19be6ce6296732a"},
    {file = "torch-1.4.0-cp35-cp35m-manylinux1_x86_64.whl", hash = "sha256:54d06a0e8ee85e5a437c24f4af9f4196c819294c23ffb5914e177756f55f1829"},
    {file = "torch-1.4.0-cp35-none-macosx_10_6_x86_64.whl", hash = "sha256:bb1e87063661414e1149bef2e3a2499ce0b5060290799d7e26bc5578037075ba"},
    {file = "torch-1.4.0-cp36-cp36m-manylinux1_x86_64.whl", hash = "sha256:8856f334aa9ecb742c1504bd2563d0ffb8dceb97149c8d72a04afa357f667dbc"},
    {file = "torch-1.4.0-cp36-none-macosx_10_9_x86_64.whl", hash = "sha256:9a1b1db73d8dcfd94b2eee24b939368742aa85f1217c55b8f5681e76c581e99a"},
    {file = "torch-1.4.0-cp37-cp37m-manylinux1_x86_64.whl", hash = "sha256:8fff03bf7b474c16e4b50da65ea14200cc64553b67b9b2307f9dc7e8c69b9d28"},
    {file = "torch-1.4.0-cp37-none-macosx_10_9_x86_64.whl", hash = "sha256:405b9eb40e44037d2525b3ddb5bc4c66b519cd742bff249d4207d23f83e88ea5"},
    {file = "torch-1.4.0-cp38-cp38-manylinux1_x86_64.whl", hash = "sha256:504915c6bc6051ba6a4c2a43c446463dff04411e352f1e26fe13debeae431778"},
]
torchvision = [
    {file = "torchvision-0.5.0-cp27-cp27m-macosx_10_7_x86_64.whl", hash = "sha256:35e9483858cf8a38debc647c74741605c5c12448d314aa96961082380aadf7e5"},
    {file = "torchvision-0.5.0-cp27-cp27m-manylinux1_x86_64.whl", hash = "sha256:323500d349d8d91ce2662de41212e8eb1845c68dbf5d4f215ca1e94c7f20723b"},
    {file = "torchvision-0.5.0-cp27-cp27mu-manylinux1_x86_64.whl", hash = "sha256:ec7e4cd54f5ff3a889b90f24b33da1fa9fe3f78d17348965678d9503de1e4a49"},
    {file = "torchvision-0.5.0-cp35-cp35m-macosx_10_6_x86_64.whl", hash = "sha256:4dd05cbc497210928ae3d4d6194561985263c879c3554e9f1823a0fa43d35746"},
    {file = "torchvision-0.5.0-cp35-cp35m-manylinux1_x86_64.whl", hash = "sha256:9e85ba17ff93a0cf6afd39b9a0ad56ca7321db4f1eb90d2034d3b0ecd79be47b"},
    {file = "torchvision-0.5.0-cp36-cp36m-macosx_10_9_x86_64.whl", hash = "sha256:358967343eaba74fd748a87f40ea75ca23757e947dbef9a11cd53414d707f793"},
    {file = "torchvision-0.5.0-cp36-cp36m-manylinux1_x86_64.whl", hash = "sha256:fea3d431bf639c0719afff5972eb568ebe143eba447c1c8bb491c7dfb0025ed6"},
    {file = "torchvision-0.5.0-cp37-cp37m-macosx_10_9_x86_64.whl", hash = "sha256:1af6d7b0a515d2a83fe9b6e7969b57ba94ba87a3333e7ed707324a5be1ef5f60"},
    {file = "torchvision-0.5.0-cp37-cp37m-manylinux1_x86_64.whl", hash = "sha256:a696ec5009eb52356508eb9b23ddb977043fb82ff7b204459e4c81aca1e5affe"},
]
tqdm = [
    {file = "tqdm-4.41.1-py2.py3-none-any.whl", hash = "sha256:efab950cf7cc1e4d8ee50b2bb9c8e4a89f8307b49e0b2c9cfef3ec4ca26655eb"},
    {file = "tqdm-4.41.1.tar.gz", hash = "sha256:4789ccbb6fc122b5a6a85d512e4e41fc5acad77216533a6f2b8ce51e0f265c23"},
]
urllib3 = [
    {file = "urllib3-1.25.7-py2.py3-none-any.whl", hash = "sha256:a8a318824cc77d1fd4b2bec2ded92646630d7fe8619497b142c84a9e6f5a7293"},
    {file = "urllib3-1.25.7.tar.gz", hash = "sha256:f3c5fd51747d450d4dcf6f923c81f78f811aab8205fda64b0aba34a4e48b0745"},
]
werkzeug = [
    {file = "Werkzeug-0.16.0-py2.py3-none-any.whl", hash = "sha256:e5f4a1f98b52b18a93da705a7458e55afb26f32bff83ff5d19189f92462d65c4"},
    {file = "Werkzeug-0.16.0.tar.gz", hash = "sha256:7280924747b5733b246fe23972186c6b348f9ae29724135a6dfc1e53cea433e7"},
]
wheel = [
    {file = "wheel-0.33.6-py2.py3-none-any.whl", hash = "sha256:f4da1763d3becf2e2cd92a14a7c920f0f00eca30fdde9ea992c836685b9faf28"},
    {file = "wheel-0.33.6.tar.gz", hash = "sha256:10c9da68765315ed98850f8e048347c3eb06dd81822dc2ab1d4fde9dc9702646"},
]
